
Microsoft Visual Studio Solution File, Format Version 12.00
# Visual Studio Version 16
VisualStudioVersion = 16.0.29613.14
MinimumVisualStudioVersion = 10.0.40219.1
Project("{FAE04EC0-301F-11D3-BF4B-00C04F79EFBC}") = "DHCPServer", "DHCPServer\DHCPServer.csproj", "{2442D788-2612-4AF1-B940-51D7AEA88770}"
EndProject
Global
	GlobalSection(SolutionConfigurationPlatforms) = preSolution
		Debug|Any CPU = Debug|Any CPU
		Release|Any CPU = Release|Any CPU
	EndGlobalSection
	GlobalSection(ProjectConfigurationPlatforms) = postSolution
		{2442D788-2612-4AF1-B940-51D7AEA88770}.Debug|Any CPU.ActiveCfg = Debug|Any CPU
		{2442D788-2612-4AF1-B940-51D7AEA88770}.Debug|Any CPU.Build.0 = Debug|Any CPU
		{2442D788-2612-4AF1-B940-51D7AEA88770}.Release|Any CPU.ActiveCfg = Release|Any CPU
		{2442D788-2612-4AF1-B940-51D7AEA88770}.Release|Any CPU.Build.0 = Release|Any CPU
	EndGlobalSection
	GlobalSection(SolutionProperties) = preSolution
		HideSolutionNode = FALSE
	EndGlobalSection
	GlobalSection(ExtensibilityGlobals) = postSolution
		SolutionGuid = {D9A4EDB2-0CEF-4369-ACFB-CAB1C141D36F}
	EndGlobalSection
EndGlobal
